// !$*UTF8*$!
{
	archiveVersion = 1;
	classes = {
	};
	objectVersion = 46;
	objects = {

/* Begin PBXBuildFile section */
		7E91B4A21B8B84E000C0931B /* AppDelegate.swift in Sources */ = {isa = PBXBuildFile; fileRef = 7E91B4A11B8B84E000C0931B /* AppDelegate.swift */; };
		7E91B4A41B8B84E000C0931B /* ViewController.swift in Sources */ = {isa = PBXBuildFile; fileRef = 7E91B4A31B8B84E000C0931B /* ViewController.swift */; };
		7E91B4A71B8B84E000C0931B /* Main.storyboard in Resources */ = {isa = PBXBuildFile; fileRef = 7E91B4A51B8B84E000C0931B /* Main.storyboard */; };
		7E91B4A91B8B84E000C0931B /* Assets.xcassets in Resources */ = {isa = PBXBuildFile; fileRef = 7E91B4A81B8B84E000C0931B /* Assets.xcassets */; };
		7E91B4AC1B8B84E000C0931B /* LaunchScreen.storyboard in Resources */ = {isa = PBXBuildFile; fileRef = 7E91B4AA1B8B84E000C0931B /* LaunchScreen.storyboard */; };
		7E91B4B11B8B84E000C0931B /* WatchOS2-NewUI-PickerStack-Example WatchKit App.app in Embed Watch Content */ = {isa = PBXBuildFile; fileRef = 7E91B4B01B8B84E000C0931B /* WatchOS2-NewUI-PickerStack-Example WatchKit App.app */; };
		7E91B4B71B8B84E000C0931B /* Interface.storyboard in Resources */ = {isa = PBXBuildFile; fileRef = 7E91B4B51B8B84E000C0931B /* Interface.storyboard */; };
		7E91B4B91B8B84E000C0931B /* Assets.xcassets in Resources */ = {isa = PBXBuildFile; fileRef = 7E91B4B81B8B84E000C0931B /* Assets.xcassets */; };
		7E91B4C01B8B84E000C0931B /* WatchOS2-NewUI-PickerStack-Example WatchKit Extension.appex in Embed App Extensions */ = {isa = PBXBuildFile; fileRef = 7E91B4BF1B8B84E000C0931B /* WatchOS2-NewUI-PickerStack-Example WatchKit Extension.appex */; settings = {ATTRIBUTES = (RemoveHeadersOnCopy, ); }; };
		7E91B4C51B8B84E000C0931B /* InterfaceController.swift in Sources */ = {isa = PBXBuildFile; fileRef = 7E91B4C41B8B84E000C0931B /* InterfaceController.swift */; };
		7E91B4C71B8B84E000C0931B /* ExtensionDelegate.swift in Sources */ = {isa = PBXBuildFile; fileRef = 7E91B4C61B8B84E000C0931B /* ExtensionDelegate.swift */; };
		7E91B4C91B8B84E000C0931B /* Assets.xcassets in Resources */ = {isa = PBXBuildFile; fileRef = 7E91B4C81B8B84E000C0931B /* Assets.xcassets */; };
/* End PBXBuildFile section */

/* Begin PBXContainerItemProxy section */
		7E91B4B21B8B84E000C0931B /* PBXContainerItemProxy */ = {
			isa = PBXContainerItemProxy;
			containerPortal = 7E91B4961B8B84E000C0931B /* Project object */;
			proxyType = 1;
			remoteGlobalIDString = 7E91B4AF1B8B84E000C0931B;
			remoteInfo = "WatchOS2-NewUI-PickerStack-Example WatchKit App";
		};
		7E91B4C11B8B84E000C0931B /* PBXContainerItemProxy */ = {
			isa = PBXContainerItemProxy;
			containerPortal = 7E91B4961B8B84E000C0931B /* Project object */;
			proxyType = 1;
			remoteGlobalIDString = 7E91B4BE1B8B84E000C0931B;
			remoteInfo = "WatchOS2-NewUI-PickerStack-Example WatchKit Extension";
		};
/* End PBXContainerItemProxy section */

/* Begin PBXCopyFilesBuildPhase section */
		7E91B4D01B8B84E000C0931B /* Embed App Extensions */ = {
			isa = PBXCopyFilesBuildPhase;
			buildActionMask = 2147483647;
			dstPath = "";
			dstSubfolderSpec = 13;
			files = (
				7E91B4C01B8B84E000C0931B /* WatchOS2-NewUI-PickerStack-Example WatchKit Extension.appex in Embed App Extensions */,
			);
			name = "Embed App Extensions";
			runOnlyForDeploymentPostprocessing = 0;
		};
		7E91B4D41B8B84E000C0931B /* Embed Watch Content */ = {
			isa = PBXCopyFilesBuildPhase;
			buildActionMask = 2147483647;
			dstPath = "$(CONTENTS_FOLDER_PATH)/Watch";
			dstSubfolderSpec = 16;
			files = (
				7E91B4B11B8B84E000C0931B /* WatchOS2-NewUI-PickerStack-Example WatchKit App.app in Embed Watch Content */,
			);
			name = "Embed Watch Content";
			runOnlyForDeploymentPostprocessing = 0;
		};
/* End PBXCopyFilesBuildPhase section */

/* Begin PBXFileReference section */
		7E91B49E1B8B84E000C0931B /* WatchOS2-NewUI-PickerStack-Example.app */ = {isa = PBXFileReference; explicitFileType = wrapper.application; includeInIndex = 0; path = "WatchOS2-NewUI-PickerStack-Example.app"; sourceTree = BUILT_PRODUCTS_DIR; };
		7E91B4A11B8B84E000C0931B /* AppDelegate.swift */ = {isa = PBXFileReference; lastKnownFileType = sourcecode.swift; path = AppDelegate.swift; sourceTree = "<group>"; };
		7E91B4A31B8B84E000C0931B /* ViewController.swift */ = {isa = PBXFileReference; lastKnownFileType = sourcecode.swift; path = ViewController.swift; sourceTree = "<group>"; };
		7E91B4A61B8B84E000C0931B /* Base */ = {isa = PBXFileReference; lastKnownFileType = file.storyboard; name = Base; path = Base.lproj/Main.storyboard; sourceTree = "<group>"; };
		7E91B4A81B8B84E000C0931B /* Assets.xcassets */ = {isa = PBXFileReference; lastKnownFileType = folder.assetcatalog; path = Assets.xcassets; sourceTree = "<group>"; };
		7E91B4AB1B8B84E000C0931B /* Base */ = {isa = PBXFileReference; lastKnownFileType = file.storyboard; name = Base; path = Base.lproj/LaunchScreen.storyboard; sourceTree = "<group>"; };
		7E91B4AD1B8B84E000C0931B /* Info.plist */ = {isa = PBXFileReference; lastKnownFileType = text.plist.xml; path = Info.plist; sourceTree = "<group>"; };
		7E91B4B01B8B84E000C0931B /* WatchOS2-NewUI-PickerStack-Example WatchKit App.app */ = {isa = PBXFileReference; explicitFileType = wrapper.application; includeInIndex = 0; path = "WatchOS2-NewUI-PickerStack-Example WatchKit App.app"; sourceTree = BUILT_PRODUCTS_DIR; };
		7E91B4B61B8B84E000C0931B /* Base */ = {isa = PBXFileReference; lastKnownFileType = file.storyboard; name = Base; path = Base.lproj/Interface.storyboard; sourceTree = "<group>"; };
		7E91B4B81B8B84E000C0931B /* Assets.xcassets */ = {isa = PBXFileReference; lastKnownFileType = folder.assetcatalog; path = Assets.xcassets; sourceTree = "<group>"; };
		7E91B4BA1B8B84E000C0931B /* Info.plist */ = {isa = PBXFileReference; lastKnownFileType = text.plist.xml; path = Info.plist; sourceTree = "<group>"; };
		7E91B4BF1B8B84E000C0931B /* WatchOS2-NewUI-PickerStack-Example WatchKit Extension.appex */ = {isa = PBXFileReference; explicitFileType = "wrapper.app-extension"; includeInIndex = 0; path = "WatchOS2-NewUI-PickerStack-Example WatchKit Extension.appex"; sourceTree = BUILT_PRODUCTS_DIR; };
		7E91B4C41B8B84E000C0931B /* InterfaceController.swift */ = {isa = PBXFileReference; lastKnownFileType = sourcecode.swift; path = InterfaceController.swift; sourceTree = "<group>"; };
		7E91B4C61B8B84E000C0931B /* ExtensionDelegate.swift */ = {isa = PBXFileReference; lastKnownFileType = sourcecode.swift; path = ExtensionDelegate.swift; sourceTree = "<group>"; };
		7E91B4C81B8B84E000C0931B /* Assets.xcassets */ = {isa = PBXFileReference; lastKnownFileType = folder.assetcatalog; path = Assets.xcassets; sourceTree = "<group>"; };
		7E91B4CA1B8B84E000C0931B /* Info.plist */ = {isa = PBXFileReference; lastKnownFileType = text.plist.xml; path = Info.plist; sourceTree = "<group>"; };
/* End PBXFileReference section */

/* Begin PBXFrameworksBuildPhase section */
		7E91B49B1B8B84E000C0931B /* Frameworks */ = {
			isa = PBXFrameworksBuildPhase;
			buildActionMask = 2147483647;
			files = (
			);
			runOnlyForDeploymentPostprocessing = 0;
		};
		7E91B4BC1B8B84E000C0931B /* Frameworks */ = {
			isa = PBXFrameworksBuildPhase;
			buildActionMask = 2147483647;
			files = (
			);
			runOnlyForDeploymentPostprocessing = 0;
		};
/* End PBXFrameworksBuildPhase section */

/* Begin PBXGroup section */
		7E91B4951B8B84E000C0931B = {
			isa = PBXGroup;
			children = (
				7E91B4A01B8B84E000C0931B /* WatchOS2-NewUI-PickerStack-Example */,
				7E91B4B41B8B84E000C0931B /* WatchOS2-NewUI-PickerStack-Example WatchKit App */,
				7E91B4C31B8B84E000C0931B /* WatchOS2-NewUI-PickerStack-Example WatchKit Extension */,
				7E91B49F1B8B84E000C0931B /* Products */,
			);
			sourceTree = "<group>";
		};
		7E91B49F1B8B84E000C0931B /* Products */ = {
			isa = PBXGroup;
			children = (
				7E91B49E1B8B84E000C0931B /* WatchOS2-NewUI-PickerStack-Example.app */,
				7E91B4B01B8B84E000C0931B /* WatchOS2-NewUI-PickerStack-Example WatchKit App.app */,
				7E91B4BF1B8B84E000C0931B /* WatchOS2-NewUI-PickerStack-Example WatchKit Extension.appex */,
			);
			name = Products;
			sourceTree = "<group>";
		};
		7E91B4A01B8B84E000C0931B /* WatchOS2-NewUI-PickerStack-Example */ = {
			isa = PBXGroup;
			children = (
				7E91B4A11B8B84E000C0931B /* AppDelegate.swift */,
				7E91B4A31B8B84E000C0931B /* ViewController.swift */,
				7E91B4A51B8B84E000C0931B /* Main.storyboard */,
				7E91B4A81B8B84E000C0931B /* Assets.xcassets */,
				7E91B4AA1B8B84E000C0931B /* LaunchScreen.storyboard */,
				7E91B4AD1B8B84E000C0931B /* Info.plist */,
			);
			path = "WatchOS2-NewUI-PickerStack-Example";
			sourceTree = "<group>";
		};
		7E91B4B41B8B84E000C0931B /* WatchOS2-NewUI-PickerStack-Example WatchKit App */ = {
			isa = PBXGroup;
			children = (
				7E91B4B51B8B84E000C0931B /* Interface.storyboard */,
				7E91B4B81B8B84E000C0931B /* Assets.xcassets */,
				7E91B4BA1B8B84E000C0931B /* Info.plist */,
			);
			path = "WatchOS2-NewUI-PickerStack-Example WatchKit App";
			sourceTree = "<group>";
		};
		7E91B4C31B8B84E000C0931B /* WatchOS2-NewUI-PickerStack-Example WatchKit Extension */ = {
			isa = PBXGroup;
			children = (
				7E91B4C41B8B84E000C0931B /* InterfaceController.swift */,
				7E91B4C61B8B84E000C0931B /* ExtensionDelegate.swift */,
				7E91B4C81B8B84E000C0931B /* Assets.xcassets */,
				7E91B4CA1B8B84E000C0931B /* Info.plist */,
			);
			path = "WatchOS2-NewUI-PickerStack-Example WatchKit Extension";
			sourceTree = "<group>";
		};
/* End PBXGroup section */

/* Begin PBXNativeTarget section */
		7E91B49D1B8B84E000C0931B /* WatchOS2-NewUI-PickerStack-Example */ = {
			isa = PBXNativeTarget;
			buildConfigurationList = 7E91B4D51B8B84E000C0931B /* Build configuration list for PBXNativeTarget "WatchOS2-NewUI-PickerStack-Example" */;
			buildPhases = (
				7E91B49A1B8B84E000C0931B /* Sources */,
				7E91B49B1B8B84E000C0931B /* Frameworks */,
				7E91B49C1B8B84E000C0931B /* Resources */,
				7E91B4D41B8B84E000C0931B /* Embed Watch Content */,
			);
			buildRules = (
			);
			dependencies = (
				7E91B4B31B8B84E000C0931B /* PBXTargetDependency */,
			);
			name = "WatchOS2-NewUI-PickerStack-Example";
			productName = "WatchOS2-NewUI-PickerStack-Example";
			productReference = 7E91B49E1B8B84E000C0931B /* WatchOS2-NewUI-PickerStack-Example.app */;
			productType = "com.apple.product-type.application";
		};
		7E91B4AF1B8B84E000C0931B /* WatchOS2-NewUI-PickerStack-Example WatchKit App */ = {
			isa = PBXNativeTarget;
			buildConfigurationList = 7E91B4D11B8B84E000C0931B /* Build configuration list for PBXNativeTarget "WatchOS2-NewUI-PickerStack-Example WatchKit App" */;
			buildPhases = (
				7E91B4AE1B8B84E000C0931B /* Resources */,
				7E91B4D01B8B84E000C0931B /* Embed App Extensions */,
			);
			buildRules = (
			);
			dependencies = (
				7E91B4C21B8B84E000C0931B /* PBXTargetDependency */,
			);
			name = "WatchOS2-NewUI-PickerStack-Example WatchKit App";
			productName = "WatchOS2-NewUI-PickerStack-Example WatchKit App";
			productReference = 7E91B4B01B8B84E000C0931B /* WatchOS2-NewUI-PickerStack-Example WatchKit App.app */;
			productType = "com.apple.product-type.application.watchapp2";
		};
		7E91B4BE1B8B84E000C0931B /* WatchOS2-NewUI-PickerStack-Example WatchKit Extension */ = {
			isa = PBXNativeTarget;
			buildConfigurationList = 7E91B4CD1B8B84E000C0931B /* Build configuration list for PBXNativeTarget "WatchOS2-NewUI-PickerStack-Example WatchKit Extension" */;
			buildPhases = (
				7E91B4BB1B8B84E000C0931B /* Sources */,
				7E91B4BC1B8B84E000C0931B /* Frameworks */,
				7E91B4BD1B8B84E000C0931B /* Resources */,
			);
			buildRules = (
			);
			dependencies = (
			);
			name = "WatchOS2-NewUI-PickerStack-Example WatchKit Extension";
			productName = "WatchOS2-NewUI-PickerStack-Example WatchKit Extension";
			productReference = 7E91B4BF1B8B84E000C0931B /* WatchOS2-NewUI-PickerStack-Example WatchKit Extension.appex */;
			productType = "com.apple.product-type.watchkit2-extension";
		};
/* End PBXNativeTarget section */

/* Begin PBXProject section */
		7E91B4961B8B84E000C0931B /* Project object */ = {
			isa = PBXProject;
			attributes = {
				LastUpgradeCheck = 0700;
				ORGANIZATIONNAME = Sweefties;
				TargetAttributes = {
					7E91B49D1B8B84E000C0931B = {
						CreatedOnToolsVersion = 7.0;
					};
					7E91B4AF1B8B84E000C0931B = {
						CreatedOnToolsVersion = 7.0;
					};
					7E91B4BE1B8B84E000C0931B = {
						CreatedOnToolsVersion = 7.0;
					};
				};
			};
			buildConfigurationList = 7E91B4991B8B84E000C0931B /* Build configuration list for PBXProject "WatchOS2-NewUI-PickerStack-Example" */;
			compatibilityVersion = "Xcode 3.2";
			developmentRegion = English;
			hasScannedForEncodings = 0;
			knownRegions = (
				en,
				Base,
			);
			mainGroup = 7E91B4951B8B84E000C0931B;
			productRefGroup = 7E91B49F1B8B84E000C0931B /* Products */;
			projectDirPath = "";
			projectRoot = "";
			targets = (
				7E91B49D1B8B84E000C0931B /* WatchOS2-NewUI-PickerStack-Example */,
				7E91B4AF1B8B84E000C0931B /* WatchOS2-NewUI-PickerStack-Example WatchKit App */,
				7E91B4BE1B8B84E000C0931B /* WatchOS2-NewUI-PickerStack-Example WatchKit Extension */,
			);
		};
/* End PBXProject section */

/* Begin PBXResourcesBuildPhase section */
		7E91B49C1B8B84E000C0931B /* Resources */ = {
			isa = PBXResourcesBuildPhase;
			buildActionMask = 2147483647;
			files = (
				7E91B4AC1B8B84E000C0931B /* LaunchScreen.storyboard in Resources */,
				7E91B4A91B8B84E000C0931B /* Assets.xcassets in Resources */,
				7E91B4A71B8B84E000C0931B /* Main.storyboard in Resources */,
			);
			runOnlyForDeploymentPostprocessing = 0;
		};
		7E91B4AE1B8B84E000C0931B /* Resources */ = {
			isa = PBXResourcesBuildPhase;
			buildActionMask = 2147483647;
			files = (
				7E91B4B91B8B84E000C0931B /* Assets.xcassets in Resources */,
				7E91B4B71B8B84E000C0931B /* Interface.storyboard in Resources */,
			);
			runOnlyForDeploymentPostprocessing = 0;
		};
		7E91B4BD1B8B84E000C0931B /* Resources */ = {
			isa = PBXResourcesBuildPhase;
			buildActionMask = 2147483647;
			files = (
				7E91B4C91B8B84E000C0931B /* Assets.xcassets in Resources */,
			);
			runOnlyForDeploymentPostprocessing = 0;
		};
/* End PBXResourcesBuildPhase section */

/* Begin PBXSourcesBuildPhase section */
		7E91B49A1B8B84E000C0931B /* Sources */ = {
			isa = PBXSourcesBuildPhase;
			buildActionMask = 2147483647;
			files = (
				7E91B4A41B8B84E000C0931B /* ViewController.swift in Sources */,
				7E91B4A21B8B84E000C0931B /* AppDelegate.swift in Sources */,
			);
			runOnlyForDeploymentPostprocessing = 0;
		};
		7E91B4BB1B8B84E000C0931B /* Sources */ = {
			isa = PBXSourcesBuildPhase;
			buildActionMask = 2147483647;
			files = (
				7E91B4C71B8B84E000C0931B /* ExtensionDelegate.swift in Sources */,
				7E91B4C51B8B84E000C0931B /* InterfaceController.swift in Sources */,
			);
			runOnlyForDeploymentPostprocessing = 0;
		};
/* End PBXSourcesBuildPhase section */

/* Begin PBXTargetDependency section */
		7E91B4B31B8B84E000C0931B /* PBXTargetDependency */ = {
			isa = PBXTargetDependency;
			target = 7E91B4AF1B8B84E000C0931B /* WatchOS2-NewUI-PickerStack-Example WatchKit App */;
			targetProxy = 7E91B4B21B8B84E000C0931B /* PBXContainerItemProxy */;
		};
		7E91B4C21B8B84E000C0931B /* PBXTargetDependency */ = {
			isa = PBXTargetDependency;
			target = 7E91B4BE1B8B84E000C0931B /* WatchOS2-NewUI-PickerStack-Example WatchKit Extension */;
			targetProxy = 7E91B4C11B8B84E000C0931B /* PBXContainerItemProxy */;
		};
/* End PBXTargetDependency section */

/* Begin PBXVariantGroup section */
		7E91B4A51B8B84E000C0931B /* Main.storyboard */ = {
			isa = PBXVariantGroup;
			children = (
				7E91B4A61B8B84E000C0931B /* Base */,
			);
			name = Main.storyboard;
			sourceTree = "<group>";
		};
		7E91B4AA1B8B84E000C0931B /* LaunchScreen.storyboard */ = {
			isa = PBXVariantGroup;
			children = (
				7E91B4AB1B8B84E000C0931B /* Base */,
			);
			name = LaunchScreen.storyboard;
			sourceTree = "<group>";
		};
		7E91B4B51B8B84E000C0931B /* Interface.storyboard */ = {
			isa = PBXVariantGroup;
			children = (
				7E91B4B61B8B84E000C0931B /* Base */,
			);
			name = Interface.storyboard;
			sourceTree = "<group>";
		};
/* End PBXVariantGroup section */

/* Begin XCBuildConfiguration section */
		7E91B4CB1B8B84E000C0931B /* Debug */ = {
			isa = XCBuildConfiguration;
			buildSettings = {
				ALWAYS_SEARCH_USER_PATHS = NO;
				CLANG_CXX_LANGUAGE_STANDARD = "gnu++0x";
				CLANG_CXX_LIBRARY = "libc++";
				CLANG_ENABLE_MODULES = YES;
				CLANG_ENABLE_OBJC_ARC = YES;
				CLANG_WARN_BOOL_CONVERSION = YES;
				CLANG_WARN_CONSTANT_CONVERSION = YES;
				CLANG_WARN_DIRECT_OBJC_ISA_USAGE = YES_ERROR;
				CLANG_WARN_EMPTY_BODY = YES;
				CLANG_WARN_ENUM_CONVERSION = YES;
				CLANG_WARN_INT_CONVERSION = YES;
				CLANG_WARN_OBJC_ROOT_CLASS = YES_ERROR;
				CLANG_WARN_UNREACHABLE_CODE = YES;
				CLANG_WARN__DUPLICATE_METHOD_MATCH = YES;
				"CODE_SIGN_IDENTITY[sdk=iphoneos*]" = "iPhone Developer";
				COPY_PHASE_STRIP = NO;
				DEBUG_INFORMATION_FORMAT = dwarf;
				ENABLE_STRICT_OBJC_MSGSEND = YES;
				ENABLE_TESTABILITY = YES;
				GCC_C_LANGUAGE_STANDARD = gnu99;
				GCC_DYNAMIC_NO_PIC = NO;
				GCC_NO_COMMON_BLOCKS = YES;
				GCC_OPTIMIZATION_LEVEL = 0;
				GCC_PREPROCESSOR_DEFINITIONS = (
					"DEBUG=1",
					"$(inherited)",
				);
				GCC_WARN_64_TO_32_BIT_CONVERSION = YES;
				GCC_WARN_ABOUT_RETURN_TYPE = YES_ERROR;
				GCC_WARN_UNDECLARED_SELECTOR = YES;
				GCC_WARN_UNINITIALIZED_AUTOS = YES_AGGRESSIVE;
				GCC_WARN_UNUSED_FUNCTION = YES;
				GCC_WARN_UNUSED_VARIABLE = YES;
				IPHONEOS_DEPLOYMENT_TARGET = 9.0;
				MTL_ENABLE_DEBUG_INFO = YES;
				ONLY_ACTIVE_ARCH = YES;
				SDKROOT = iphoneos;
				SWIFT_OPTIMIZATION_LEVEL = "-Onone";
				TARGETED_DEVICE_FAMILY = "1,2";
			};
			name = Debug;
		};
		7E91B4CC1B8B84E000C0931B /* Release */ = {
			isa = XCBuildConfiguration;
			buildSettings = {
				ALWAYS_SEARCH_USER_PATHS = NO;
				CLANG_CXX_LANGUAGE_STANDARD = "gnu++0x";
				CLANG_CXX_LIBRARY = "libc++";
				CLANG_ENABLE_MODULES = YES;
				CLANG_ENABLE_OBJC_ARC = YES;
				CLANG_WARN_BOOL_CONVERSION = YES;
				CLANG_WARN_CONSTANT_CONVERSION = YES;
				CLANG_WARN_DIRECT_OBJC_ISA_USAGE = YES_ERROR;
				CLANG_WARN_EMPTY_BODY = YES;
				CLANG_WARN_ENUM_CONVERSION = YES;
				CLANG_WARN_INT_CONVERSION = YES;
				CLANG_WARN_OBJC_ROOT_CLASS = YES_ERROR;
				CLANG_WARN_UNREACHABLE_CODE = YES;
				CLANG_WARN__DUPLICATE_METHOD_MATCH = YES;
				"CODE_SIGN_IDENTITY[sdk=iphoneos*]" = "iPhone Developer";
				COPY_PHASE_STRIP = NO;
				DEBUG_INFORMATION_FORMAT = "dwarf-with-dsym";
				ENABLE_NS_ASSERTIONS = NO;
				ENABLE_STRICT_OBJC_MSGSEND = YES;
				GCC_C_LANGUAGE_STANDARD = gnu99;
				GCC_NO_COMMON_BLOCKS = YES;
				GCC_WARN_64_TO_32_BIT_CONVERSION = YES;
				GCC_WARN_ABOUT_RETURN_TYPE = YES_ERROR;
				GCC_WARN_UNDECLARED_SELECTOR = YES;
				GCC_WARN_UNINITIALIZED_AUTOS = YES_AGGRESSIVE;
				GCC_WARN_UNUSED_FUNCTION = YES;
				GCC_WARN_UNUSED_VARIABLE = YES;
				IPHONEOS_DEPLOYMENT_TARGET = 9.0;
				MTL_ENABLE_DEBUG_INFO = NO;
				SDKROOT = iphoneos;
				TARGETED_DEVICE_FAMILY = "1,2";
				VALIDATE_PRODUCT = YES;
			};
			name = Release;
		};
		7E91B4CE1B8B84E000C0931B /* Debug */ = {
			isa = XCBuildConfiguration;
			buildSettings = {
				INFOPLIST_FILE = "WatchOS2-NewUI-PickerStack-Example WatchKit Extension/Info.plist";
				LD_RUNPATH_SEARCH_PATHS = "$(inherited) @executable_path/Frameworks @executable_path/../../Frameworks";
				PRODUCT_BUNDLE_IDENTIFIER = "com.sweefties.WatchOS2-NewUI-PickerStack-Example.watchkitapp.watchkitextension";
				PRODUCT_NAME = "${TARGET_NAME}";
				SDKROOT = watchos;
				SKIP_INSTALL = YES;
				TARGETED_DEVICE_FAMILY = 4;
				WATCHOS_DEPLOYMENT_TARGET = 2.0;
			};
			name = Debug;
		};
		7E91B4CF1B8B84E000C0931B /* Release */ = {
			isa = XCBuildConfiguration;
			buildSettings = {
				INFOPLIST_FILE = "WatchOS2-NewUI-PickerStack-Example WatchKit Extension/Info.plist";
				LD_RUNPATH_SEARCH_PATHS = "$(inherited) @executable_path/Frameworks @executable_path/../../Frameworks";
				PRODUCT_BUNDLE_IDENTIFIER = "com.sweefties.WatchOS2-NewUI-PickerStack-Example.watchkitapp.watchkitextension";
				PRODUCT_NAME = "${TARGET_NAME}";
				SDKROOT = watchos;
				SKIP_INSTALL = YES;
				TARGETED_DEVICE_FAMILY = 4;
				WATCHOS_DEPLOYMENT_TARGET = 2.0;
			};
			name = Release;
		};
		7E91B4D21B8B84E000C0931B /* Debug */ = {
			isa = XCBuildConfiguration;
			buildSettings = {
				ASSETCATALOG_COMPILER_APPICON_NAME = AppIcon;
				EMBEDDED_CONTENT_CONTAINS_SWIFT = YES;
				IBSC_MODULE = WatchOS2_NewUI_PickerStack_Example_WatchKit_Extension;
				INFOPLIST_FILE = "WatchOS2-NewUI-PickerStack-Example WatchKit App/Info.plist";
				PRODUCT_BUNDLE_IDENTIFIER = "com.sweefties.WatchOS2-NewUI-PickerStack-Example.watchkitapp";
				PRODUCT_NAME = "$(TARGET_NAME)";
				SDKROOT = watchos;
				SKIP_INSTALL = YES;
				TARGETED_DEVICE_FAMILY = 4;
				WATCHOS_DEPLOYMENT_TARGET = 2.0;
			};
			name = Debug;
		};
		7E91B4D31B8B84E000C0931B /* Release */ = {
			isa = XCBuildConfiguration;
			buildSettings = {
				ASSETCATALOG_COMPILER_APPICON_NAME = AppIcon;
				EMBEDDED_CONTENT_CONTAINS_SWIFT = YES;
				IBSC_MODULE = WatchOS2_NewUI_PickerStack_Example_WatchKit_Extension;
				INFOPLIST_FILE = "WatchOS2-NewUI-PickerStack-Example WatchKit App/Info.plist";
				PRODUCT_BUNDLE_IDENTIFIER = "com.sweefties.WatchOS2-NewUI-PickerStack-Example.watchkitapp";
				PRODUCT_NAME = "$(TARGET_NAME)";
				SDKROOT = watchos;
				SKIP_INSTALL = YES;
				TARGETED_DEVICE_FAMILY = 4;
				WATCHOS_DEPLOYMENT_TARGET = 2.0;
			};
			name = Release;
		};
		7E91B4D61B8B84E000C0931B /* Debug */ = {
			isa = XCBuildConfiguration;
			buildSettings = {
				ASSETCATALOG_COMPILER_APPICON_NAME = AppIcon;
				INFOPLIST_FILE = "WatchOS2-NewUI-PickerStack-Example/Info.plist";
				LD_RUNPATH_SEARCH_PATHS = "$(inherited) @executable_path/Frameworks";
				PRODUCT_BUNDLE_IDENTIFIER = "com.sweefties.WatchOS2-NewUI-PickerStack-Example";
				PRODUCT_NAME = "$(TARGET_NAME)";
			};
			name = Debug;
		};
		7E91B4D71B8B84E000C0931B /* Release */ = {
			isa = XCBuildConfiguration;
			buildSettings = {
				ASSETCATALOG_COMPILER_APPICON_NAME = AppIcon;
				INFOPLIST_FILE = "WatchOS2-NewUI-PickerStack-Example/Info.plist";
				LD_RUNPATH_SEARCH_PATHS = "$(inherited) @executable_path/Frameworks";
				PRODUCT_BUNDLE_IDENTIFIER = "com.sweefties.WatchOS2-NewUI-PickerStack-Example";
				PRODUCT_NAME = "$(TARGET_NAME)";
			};
			name = Release;
		};
/* End XCBuildConfiguration section */

/* Begin XCConfigurationList section */
		7E91B4991B8B84E000C0931B /* Build configuration list for PBXProject "WatchOS2-NewUI-PickerStack-Example" */ = {
			isa = XCConfigurationList;
			buildConfigurations = (
				7E91B4CB1B8B84E000C0931B /* Debug */,
				7E91B4CC1B8B84E000C0931B /* Release */,
			);
			defaultConfigurationIsVisible = 0;
			defaultConfigurationName = Release;
		};
		7E91B4CD1B8B84E000C0931B /* Build configuration list for PBXNativeTarget "WatchOS2-NewUI-PickerStack-Example WatchKit Extension" */ = {
			isa = XCConfigurationList;
			buildConfigurations = (
				7E91B4CE1B8B84E000C0931B /* Debug */,
				7E91B4CF1B8B84E000C0931B /* Release */,
			);
			defaultConfigurationIsVisible = 0;
		};
		7E91B4D11B8B84E000C0931B /* Build configuration list for PBXNativeTarget "WatchOS2-NewUI-PickerStack-Example WatchKit App" */ = {
			isa = XCConfigurationList;
			buildConfigurations = (
				7E91B4D21B8B84E000C0931B /* Debug */,
				7E91B4D31B8B84E000C0931B /* Release */,
			);
			defaultConfigurationIsVisible = 0;
		};
		7E91B4D51B8B84E000C0931B /* Build configuration list for PBXNativeTarget "WatchOS2-NewUI-PickerStack-Example" */ = {
			isa = XCConfigurationList;
			buildConfigurations = (
				7E91B4D61B8B84E000C0931B /* Debug */,
				7E91B4D71B8B84E000C0931B /* Release */,
			);
			defaultConfigurationIsVisible = 0;
		};
/* End XCConfigurationList section */
	};
	rootObject = 7E91B4961B8B84E000C0931B /* Project object */;
}
